
Microsoft Visual Studio Solution File, Format Version 12.00
# Visual Studio 15
VisualStudioVersion = 15.0.28306.52
MinimumVisualStudioVersion = 10.0.40219.1
Project("{FAE04EC0-301F-11D3-BF4B-00C04F79EFBC}") = "BronzePlayer", "BronzePlayer\BronzePlayer.csproj", "{DE98A1E0-5676-4FFE-B70A-E6BC530FCF5A}"
EndProject
Project("{FAE04EC0-301F-11D3-BF4B-00C04F79EFBC}") = "TestingGround", "TestingGround\TestingGround.csproj", "{601FD7AD-78D8-4922-8FA1-F11F36AD941D}"
EndProject
Project("{FAE04EC0-301F-11D3-BF4B-00C04F79EFBC}") = "Installer", "Installer\Installer.csproj", "{83F665E4-E37D-4682-96C6-E7810578657D}"
EndProject
Project("{FAE04EC0-301F-11D3-BF4B-00C04F79EFBC}") = "FrameworkCheck", "FrameworkCheck\FrameworkCheck.csproj", "{280D11FF-17D3-4715-9207-CC366F310E91}"
EndProject
Global
	GlobalSection(SolutionConfigurationPlatforms) = preSolution
		Debug|x32 = Debug|x32
		Debug|x64 = Debug|x64
		Release|x32 = Release|x32
		Release|x64 = Release|x64
	EndGlobalSection
	GlobalSection(ProjectConfigurationPlatforms) = postSolution
		{DE98A1E0-5676-4FFE-B70A-E6BC530FCF5A}.Debug|x32.ActiveCfg = Debug|x86
		{DE98A1E0-5676-4FFE-B70A-E6BC530FCF5A}.Debug|x32.Build.0 = Debug|x86
		{DE98A1E0-5676-4FFE-B70A-E6BC530FCF5A}.Debug|x64.ActiveCfg = Debug|x64
		{DE98A1E0-5676-4FFE-B70A-E6BC530FCF5A}.Debug|x64.Build.0 = Debug|x64
		{DE98A1E0-5676-4FFE-B70A-E6BC530FCF5A}.Release|x32.ActiveCfg = Release|x86
		{DE98A1E0-5676-4FFE-B70A-E6BC530FCF5A}.Release|x32.Build.0 = Release|x86
		{DE98A1E0-5676-4FFE-B70A-E6BC530FCF5A}.Release|x64.ActiveCfg = Release|x64
		{DE98A1E0-5676-4FFE-B70A-E6BC530FCF5A}.Release|x64.Build.0 = Release|x64
		{601FD7AD-78D8-4922-8FA1-F11F36AD941D}.Debug|x32.ActiveCfg = Debug|x86
		{601FD7AD-78D8-4922-8FA1-F11F36AD941D}.Debug|x32.Build.0 = Debug|x86
		{601FD7AD-78D8-4922-8FA1-F11F36AD941D}.Debug|x64.ActiveCfg = Debug|Any CPU
		{601FD7AD-78D8-4922-8FA1-F11F36AD941D}.Debug|x64.Build.0 = Debug|Any CPU
		{601FD7AD-78D8-4922-8FA1-F11F36AD941D}.Release|x32.ActiveCfg = Release|x86
		{601FD7AD-78D8-4922-8FA1-F11F36AD941D}.Release|x32.Build.0 = Release|x86
		{601FD7AD-78D8-4922-8FA1-F11F36AD941D}.Release|x64.ActiveCfg = Release|Any CPU
		{601FD7AD-78D8-4922-8FA1-F11F36AD941D}.Release|x64.Build.0 = Release|Any CPU
		{83F665E4-E37D-4682-96C6-E7810578657D}.Debug|x32.ActiveCfg = Debug|x86
		{83F665E4-E37D-4682-96C6-E7810578657D}.Debug|x32.Build.0 = Debug|x86
		{83F665E4-E37D-4682-96C6-E7810578657D}.Debug|x64.ActiveCfg = Debug|x86
		{83F665E4-E37D-4682-96C6-E7810578657D}.Release|x32.ActiveCfg = Release|x86
		{83F665E4-E37D-4682-96C6-E7810578657D}.Release|x32.Build.0 = Release|x86
		{83F665E4-E37D-4682-96C6-E7810578657D}.Release|x64.ActiveCfg = Release|x86
		{280D11FF-17D3-4715-9207-CC366F310E91}.Debug|x32.ActiveCfg = Debug|x86
		{280D11FF-17D3-4715-9207-CC366F310E91}.Debug|x32.Build.0 = Debug|x86
		{280D11FF-17D3-4715-9207-CC366F310E91}.Debug|x64.ActiveCfg = Debug|x86
		{280D11FF-17D3-4715-9207-CC366F310E91}.Release|x32.ActiveCfg = Release|x86
		{280D11FF-17D3-4715-9207-CC366F310E91}.Release|x32.Build.0 = Release|x86
		{280D11FF-17D3-4715-9207-CC366F310E91}.Release|x64.ActiveCfg = Release|x86
	EndGlobalSection
	GlobalSection(SolutionProperties) = preSolution
		HideSolutionNode = FALSE
	EndGlobalSection
	GlobalSection(ExtensibilityGlobals) = postSolution
		SolutionGuid = {8D2A8E3C-C7A7-45D8-8EBA-3B6009952FD0}
	EndGlobalSection
EndGlobal
