
Microsoft Visual Studio Solution File, Format Version 12.00
# Visual Studio 15
VisualStudioVersion = 15.0.28306.52
MinimumVisualStudioVersion = 10.0.40219.1
Project("{FAE04EC0-301F-11D3-BF4B-00C04F79EFBC}") = "BronzePlayer", "BronzePlayer\BronzePlayer.csproj", "{DE98A1E0-5676-4FFE-B70A-E6BC530FCF5A}"
EndProject
Project("{54435603-DBB4-11D2-8724-00A0C9A8B90C}") = "BronzePlayerInstaller", "BronzePlayerInstaller\BronzePlayerInstaller.vdproj", "{4186DECD-618D-4E1B-81EA-4CE4DCD0EE07}"
EndProject
Global
	GlobalSection(SolutionConfigurationPlatforms) = preSolution
		Debug|x32 = Debug|x32
		Release|x32 = Release|x32
	EndGlobalSection
	GlobalSection(ProjectConfigurationPlatforms) = postSolution
		{DE98A1E0-5676-4FFE-B70A-E6BC530FCF5A}.Debug|x32.ActiveCfg = Debug|x86
		{DE98A1E0-5676-4FFE-B70A-E6BC530FCF5A}.Debug|x32.Build.0 = Debug|x86
		{DE98A1E0-5676-4FFE-B70A-E6BC530FCF5A}.Release|x32.ActiveCfg = Release|x86
		{DE98A1E0-5676-4FFE-B70A-E6BC530FCF5A}.Release|x32.Build.0 = Release|x86
		{4186DECD-618D-4E1B-81EA-4CE4DCD0EE07}.Debug|x32.ActiveCfg = Debug
		{4186DECD-618D-4E1B-81EA-4CE4DCD0EE07}.Release|x32.ActiveCfg = Release
		{4186DECD-618D-4E1B-81EA-4CE4DCD0EE07}.Release|x32.Build.0 = Release
	EndGlobalSection
	GlobalSection(SolutionProperties) = preSolution
		HideSolutionNode = FALSE
	EndGlobalSection
	GlobalSection(ExtensibilityGlobals) = postSolution
		SolutionGuid = {8D2A8E3C-C7A7-45D8-8EBA-3B6009952FD0}
	EndGlobalSection
EndGlobal
